{
  "name": "version2",
  "version": "2.2.1",
  "lockfileVersion": 1,
  "requires": true,
  "dependencies": {
    "chartjs-plugin-zoom": {
      "version": "0.7.7",
      "resolved": "https://registry.npmjs.org/chartjs-plugin-zoom/-/chartjs-plugin-zoom-0.7.7.tgz",
      "integrity": "sha512-8fOHPPiZTT2+K0w278TQWYs/DtPg06s1OpTqdXxPpdfH7QQbl6Io/WuE1FjPehDWVCxpe3tSTts+dPbxgq2Z5g==",
      "requires": {
        "hammerjs": "^2.0.8"
      }
    },
    "hammerjs": {
      "version": "2.0.8",
      "resolved": "https://registry.npmjs.org/hammerjs/-/hammerjs-2.0.8.tgz",
      "integrity": "sha1-BO93hiz/K7edMPdpIJWTAiK/YPE="
    }
  }
}
